
Microsoft Visual Studio Solution File, Format Version 12.00
# Visual Studio Version 17
VisualStudioVersion = 17.2.32630.192
MinimumVisualStudioVersion = 10.0.40219.1
Project("{9A19103F-16F7-4668-BE54-9A1E7A4F7556}") = "Campintro", "Campintro\Campintro.csproj", "{87F362B8-A754-4762-86EA-96C781309569}"
EndProject
Project("{9A19103F-16F7-4668-BE54-9A1E7A4F7556}") = "Loop", "Loop\Loop.csproj", "{84D94664-1C33-4BED-B4CB-6BBCB7902B2A}"
EndProject
Project("{9A19103F-16F7-4668-BE54-9A1E7A4F7556}") = "ClassIntro", "ClassIntro\ClassIntro.csproj", "{6A08B895-B5E0-440C-8ED4-F96AEB867FD0}"
EndProject
Project("{9A19103F-16F7-4668-BE54-9A1E7A4F7556}") = "Methods", "Methods\Methods.csproj", "{3C129C27-6ABC-44A5-808C-C1241E68D7C6}"
EndProject
Project("{FAE04EC0-301F-11D3-BF4B-00C04F79EFBC}") = "DegerVeReferansTipler", "DegerVeReferansTipler\DegerVeReferansTipler.csproj", "{B7D8129A-C1B1-4FCC-81E3-43300532EF75}"
EndProject
Global
	GlobalSection(SolutionConfigurationPlatforms) = preSolution
		Debug|Any CPU = Debug|Any CPU
		Release|Any CPU = Release|Any CPU
	EndGlobalSection
	GlobalSection(ProjectConfigurationPlatforms) = postSolution
		{87F362B8-A754-4762-86EA-96C781309569}.Debug|Any CPU.ActiveCfg = Debug|Any CPU
		{87F362B8-A754-4762-86EA-96C781309569}.Debug|Any CPU.Build.0 = Debug|Any CPU
		{87F362B8-A754-4762-86EA-96C781309569}.Release|Any CPU.ActiveCfg = Release|Any CPU
		{87F362B8-A754-4762-86EA-96C781309569}.Release|Any CPU.Build.0 = Release|Any CPU
		{84D94664-1C33-4BED-B4CB-6BBCB7902B2A}.Debug|Any CPU.ActiveCfg = Debug|Any CPU
		{84D94664-1C33-4BED-B4CB-6BBCB7902B2A}.Debug|Any CPU.Build.0 = Debug|Any CPU
		{84D94664-1C33-4BED-B4CB-6BBCB7902B2A}.Release|Any CPU.ActiveCfg = Release|Any CPU
		{84D94664-1C33-4BED-B4CB-6BBCB7902B2A}.Release|Any CPU.Build.0 = Release|Any CPU
		{6A08B895-B5E0-440C-8ED4-F96AEB867FD0}.Debug|Any CPU.ActiveCfg = Debug|Any CPU
		{6A08B895-B5E0-440C-8ED4-F96AEB867FD0}.Debug|Any CPU.Build.0 = Debug|Any CPU
		{6A08B895-B5E0-440C-8ED4-F96AEB867FD0}.Release|Any CPU.ActiveCfg = Release|Any CPU
		{6A08B895-B5E0-440C-8ED4-F96AEB867FD0}.Release|Any CPU.Build.0 = Release|Any CPU
		{3C129C27-6ABC-44A5-808C-C1241E68D7C6}.Debug|Any CPU.ActiveCfg = Debug|Any CPU
		{3C129C27-6ABC-44A5-808C-C1241E68D7C6}.Debug|Any CPU.Build.0 = Debug|Any CPU
		{3C129C27-6ABC-44A5-808C-C1241E68D7C6}.Release|Any CPU.ActiveCfg = Release|Any CPU
		{3C129C27-6ABC-44A5-808C-C1241E68D7C6}.Release|Any CPU.Build.0 = Release|Any CPU
		{B7D8129A-C1B1-4FCC-81E3-43300532EF75}.Debug|Any CPU.ActiveCfg = Debug|Any CPU
		{B7D8129A-C1B1-4FCC-81E3-43300532EF75}.Debug|Any CPU.Build.0 = Debug|Any CPU
		{B7D8129A-C1B1-4FCC-81E3-43300532EF75}.Release|Any CPU.ActiveCfg = Release|Any CPU
		{B7D8129A-C1B1-4FCC-81E3-43300532EF75}.Release|Any CPU.Build.0 = Release|Any CPU
	EndGlobalSection
	GlobalSection(SolutionProperties) = preSolution
		HideSolutionNode = FALSE
	EndGlobalSection
	GlobalSection(ExtensibilityGlobals) = postSolution
		SolutionGuid = {435D7A6E-DB4C-417F-9FE6-D9931459FB12}
	EndGlobalSection
EndGlobal
